
Microsoft Visual Studio Solution File, Format Version 12.00
# Visual Studio Version 17
VisualStudioVersion = 17.3.32901.215
MinimumVisualStudioVersion = 10.0.40219.1
Project("{8BC9CEB8-8B4A-11D0-8D11-00A0C91BC942}") = "PolygonChecker", "PolygonChecker\PolygonChecker.vcxproj", "{2328FAE1-A1BF-420F-9F0C-C7CCC7F13314}"
EndProject
Project("{8BC9CEB8-8B4A-11D0-8D11-00A0C91BC942}") = "UnitTest1", "UnitTest1\UnitTest1.vcxproj", "{46EE6628-EDBB-47B1-A812-76F0903F6DD2}"
EndProject
Project("{8BC9CEB8-8B4A-11D0-8D11-00A0C91BC942}") = "UnitTest2", "UnitTest2\UnitTest2.vcxproj", "{3D9D0886-94E4-4F01-A8D9-16E9FE2335BE}"
EndProject
Global
	GlobalSection(SolutionConfigurationPlatforms) = preSolution
		Debug|x64 = Debug|x64
		Debug|x86 = Debug|x86
		Release|x64 = Release|x64
		Release|x86 = Release|x86
	EndGlobalSection
	GlobalSection(ProjectConfigurationPlatforms) = postSolution
		{2328FAE1-A1BF-420F-9F0C-C7CCC7F13314}.Debug|x64.ActiveCfg = Debug|x64
		{2328FAE1-A1BF-420F-9F0C-C7CCC7F13314}.Debug|x64.Build.0 = Debug|x64
		{2328FAE1-A1BF-420F-9F0C-C7CCC7F13314}.Debug|x86.ActiveCfg = Debug|Win32
		{2328FAE1-A1BF-420F-9F0C-C7CCC7F13314}.Debug|x86.Build.0 = Debug|Win32
		{2328FAE1-A1BF-420F-9F0C-C7CCC7F13314}.Release|x64.ActiveCfg = Release|x64
		{2328FAE1-A1BF-420F-9F0C-C7CCC7F13314}.Release|x64.Build.0 = Release|x64
		{2328FAE1-A1BF-420F-9F0C-C7CCC7F13314}.Release|x86.ActiveCfg = Release|Win32
		{2328FAE1-A1BF-420F-9F0C-C7CCC7F13314}.Release|x86.Build.0 = Release|Win32
		{46EE6628-EDBB-47B1-A812-76F0903F6DD2}.Debug|x64.ActiveCfg = Debug|x64
		{46EE6628-EDBB-47B1-A812-76F0903F6DD2}.Debug|x64.Build.0 = Debug|x64
		{46EE6628-EDBB-47B1-A812-76F0903F6DD2}.Debug|x86.ActiveCfg = Debug|Win32
		{46EE6628-EDBB-47B1-A812-76F0903F6DD2}.Debug|x86.Build.0 = Debug|Win32
		{46EE6628-EDBB-47B1-A812-76F0903F6DD2}.Release|x64.ActiveCfg = Release|x64
		{46EE6628-EDBB-47B1-A812-76F0903F6DD2}.Release|x64.Build.0 = Release|x64
		{46EE6628-EDBB-47B1-A812-76F0903F6DD2}.Release|x86.ActiveCfg = Release|Win32
		{46EE6628-EDBB-47B1-A812-76F0903F6DD2}.Release|x86.Build.0 = Release|Win32
		{3D9D0886-94E4-4F01-A8D9-16E9FE2335BE}.Debug|x64.ActiveCfg = Debug|x64
		{3D9D0886-94E4-4F01-A8D9-16E9FE2335BE}.Debug|x64.Build.0 = Debug|x64
		{3D9D0886-94E4-4F01-A8D9-16E9FE2335BE}.Debug|x86.ActiveCfg = Debug|Win32
		{3D9D0886-94E4-4F01-A8D9-16E9FE2335BE}.Debug|x86.Build.0 = Debug|Win32
		{3D9D0886-94E4-4F01-A8D9-16E9FE2335BE}.Release|x64.ActiveCfg = Release|x64
		{3D9D0886-94E4-4F01-A8D9-16E9FE2335BE}.Release|x64.Build.0 = Release|x64
		{3D9D0886-94E4-4F01-A8D9-16E9FE2335BE}.Release|x86.ActiveCfg = Release|Win32
		{3D9D0886-94E4-4F01-A8D9-16E9FE2335BE}.Release|x86.Build.0 = Release|Win32
	EndGlobalSection
	GlobalSection(SolutionProperties) = preSolution
		HideSolutionNode = FALSE
	EndGlobalSection
	GlobalSection(ExtensibilityGlobals) = postSolution
		SolutionGuid = {2EB15426-9DAD-4308-B83A-391A646F34D8}
	EndGlobalSection
EndGlobal
